
Microsoft Visual Studio Solution File, Format Version 12.00
# Visual Studio Version 17
VisualStudioVersion = 17.13.35806.99 d17.13
MinimumVisualStudioVersion = 10.0.40219.1
Project("{FAE04EC0-301F-11D3-BF4B-00C04F79EFBC}") = "GlobusApp", "GlobusApp\GlobusApp.csproj", "{1227F134-67A9-4341-A5ED-C3BFDA370816}"
EndProject
Global
	GlobalSection(SolutionConfigurationPlatforms) = preSolution
		Debug|Any CPU = Debug|Any CPU
		Release|Any CPU = Release|Any CPU
	EndGlobalSection
	GlobalSection(ProjectConfigurationPlatforms) = postSolution
		{1227F134-67A9-4341-A5ED-C3BFDA370816}.Debug|Any CPU.ActiveCfg = Debug|Any CPU
		{1227F134-67A9-4341-A5ED-C3BFDA370816}.Debug|Any CPU.Build.0 = Debug|Any CPU
		{1227F134-67A9-4341-A5ED-C3BFDA370816}.Release|Any CPU.ActiveCfg = Release|Any CPU
		{1227F134-67A9-4341-A5ED-C3BFDA370816}.Release|Any CPU.Build.0 = Release|Any CPU
	EndGlobalSection
	GlobalSection(SolutionProperties) = preSolution
		HideSolutionNode = FALSE
	EndGlobalSection
	GlobalSection(ExtensibilityGlobals) = postSolution
		SolutionGuid = {2DBD437D-47E8-4E3E-8CFB-641D01C38540}
	EndGlobalSection
EndGlobal
